
Microsoft Visual Studio Solution File, Format Version 12.00
# Visual Studio Version 17
VisualStudioVersion = 17.9.34616.47
MinimumVisualStudioVersion = 10.0.40219.1
Project("{FAE04EC0-301F-11D3-BF4B-00C04F79EFBC}") = "multicastdelegates", "multicastdelegates\multicastdelegates.csproj", "{4F22358F-B267-4A74-AC81-90B975B5CAE5}"
EndProject
Global
	GlobalSection(SolutionConfigurationPlatforms) = preSolution
		Debug|Any CPU = Debug|Any CPU
		Release|Any CPU = Release|Any CPU
	EndGlobalSection
	GlobalSection(ProjectConfigurationPlatforms) = postSolution
		{4F22358F-B267-4A74-AC81-90B975B5CAE5}.Debug|Any CPU.ActiveCfg = Debug|Any CPU
		{4F22358F-B267-4A74-AC81-90B975B5CAE5}.Debug|Any CPU.Build.0 = Debug|Any CPU
		{4F22358F-B267-4A74-AC81-90B975B5CAE5}.Release|Any CPU.ActiveCfg = Release|Any CPU
		{4F22358F-B267-4A74-AC81-90B975B5CAE5}.Release|Any CPU.Build.0 = Release|Any CPU
	EndGlobalSection
	GlobalSection(SolutionProperties) = preSolution
		HideSolutionNode = FALSE
	EndGlobalSection
	GlobalSection(ExtensibilityGlobals) = postSolution
		SolutionGuid = {BA06F28A-AECC-4BC7-B65A-8B068E480753}
	EndGlobalSection
EndGlobal
